// !$*UTF8*$!
{
	archiveVersion = 1;
	classes = {
	};
	objectVersion = 48;
	objects = {

/* Begin PBXBuildFile section */
		2F0F00D41FD5B78F00338399 /* AppDelegate.swift in Sources */ = {isa = PBXBuildFile; fileRef = 2F0F00D31FD5B78F00338399 /* AppDelegate.swift */; };
		2F0F00D61FD5B78F00338399 /* ViewController.swift in Sources */ = {isa = PBXBuildFile; fileRef = 2F0F00D51FD5B78F00338399 /* ViewController.swift */; };
		2F0F00D91FD5B78F00338399 /* Main.storyboard in Resources */ = {isa = PBXBuildFile; fileRef = 2F0F00D71FD5B78F00338399 /* Main.storyboard */; };
		2F0F00DB1FD5B78F00338399 /* Assets.xcassets in Resources */ = {isa = PBXBuildFile; fileRef = 2F0F00DA1FD5B78F00338399 /* Assets.xcassets */; };
		2F0F00DE1FD5B78F00338399 /* LaunchScreen.storyboard in Resources */ = {isa = PBXBuildFile; fileRef = 2F0F00DC1FD5B78F00338399 /* LaunchScreen.storyboard */; };
		2F0F00E91FD5B78F00338399 /* ResearchNotifierTests.swift in Sources */ = {isa = PBXBuildFile; fileRef = 2F0F00E81FD5B78F00338399 /* ResearchNotifierTests.swift */; };
		2F0F00F51FD5C1B000338399 /* GlobalData.swift in Sources */ = {isa = PBXBuildFile; fileRef = 2F0F00F41FD5C1B000338399 /* GlobalData.swift */; };
/* End PBXBuildFile section */

/* Begin PBXContainerItemProxy section */
		2F0F00E51FD5B78F00338399 /* PBXContainerItemProxy */ = {
			isa = PBXContainerItemProxy;
			containerPortal = 2F0F00C81FD5B78F00338399 /* Project object */;
			proxyType = 1;
			remoteGlobalIDString = 2F0F00CF1FD5B78F00338399;
			remoteInfo = ResearchNotifier;
		};
/* End PBXContainerItemProxy section */

/* Begin PBXFileReference section */
		2F0F00D01FD5B78F00338399 /* ResearchNotifier.app */ = {isa = PBXFileReference; explicitFileType = wrapper.application; includeInIndex = 0; path = ResearchNotifier.app; sourceTree = BUILT_PRODUCTS_DIR; };
		2F0F00D31FD5B78F00338399 /* AppDelegate.swift */ = {isa = PBXFileReference; lastKnownFileType = sourcecode.swift; path = AppDelegate.swift; sourceTree = "<group>"; };
		2F0F00D51FD5B78F00338399 /* ViewController.swift */ = {isa = PBXFileReference; lastKnownFileType = sourcecode.swift; path = ViewController.swift; sourceTree = "<group>"; };
		2F0F00D81FD5B78F00338399 /* Base */ = {isa = PBXFileReference; lastKnownFileType = file.storyboard; name = Base; path = Base.lproj/Main.storyboard; sourceTree = "<group>"; };
		2F0F00DA1FD5B78F00338399 /* Assets.xcassets */ = {isa = PBXFileReference; lastKnownFileType = folder.assetcatalog; path = Assets.xcassets; sourceTree = "<group>"; };
		2F0F00DD1FD5B78F00338399 /* Base */ = {isa = PBXFileReference; lastKnownFileType = file.storyboard; name = Base; path = Base.lproj/LaunchScreen.storyboard; sourceTree = "<group>"; };
		2F0F00DF1FD5B78F00338399 /* Info.plist */ = {isa = PBXFileReference; lastKnownFileType = text.plist.xml; path = Info.plist; sourceTree = "<group>"; };
		2F0F00E41FD5B78F00338399 /* ResearchNotifierTests.xctest */ = {isa = PBXFileReference; explicitFileType = wrapper.cfbundle; includeInIndex = 0; path = ResearchNotifierTests.xctest; sourceTree = BUILT_PRODUCTS_DIR; };
		2F0F00E81FD5B78F00338399 /* ResearchNotifierTests.swift */ = {isa = PBXFileReference; lastKnownFileType = sourcecode.swift; path = ResearchNotifierTests.swift; sourceTree = "<group>"; };
		2F0F00EA1FD5B78F00338399 /* Info.plist */ = {isa = PBXFileReference; lastKnownFileType = text.plist.xml; path = Info.plist; sourceTree = "<group>"; };
		2F0F00F31FD5B7B700338399 /* ResearchNotifier.entitlements */ = {isa = PBXFileReference; lastKnownFileType = text.plist.entitlements; path = ResearchNotifier.entitlements; sourceTree = "<group>"; };
		2F0F00F41FD5C1B000338399 /* GlobalData.swift */ = {isa = PBXFileReference; lastKnownFileType = sourcecode.swift; path = GlobalData.swift; sourceTree = "<group>"; };
		2F0F00F61FD5CEB400338399 /* README.md */ = {isa = PBXFileReference; lastKnownFileType = net.daringfireball.markdown; path = README.md; sourceTree = "<group>"; };
/* End PBXFileReference section */

/* Begin PBXFrameworksBuildPhase section */
		2F0F00CD1FD5B78F00338399 /* Frameworks */ = {
			isa = PBXFrameworksBuildPhase;
			buildActionMask = 2147483647;
			files = (
			);
			runOnlyForDeploymentPostprocessing = 0;
		};
		2F0F00E11FD5B78F00338399 /* Frameworks */ = {
			isa = PBXFrameworksBuildPhase;
			buildActionMask = 2147483647;
			files = (
			);
			runOnlyForDeploymentPostprocessing = 0;
		};
/* End PBXFrameworksBuildPhase section */

/* Begin PBXGroup section */
		2F0F00C71FD5B78F00338399 = {
			isa = PBXGroup;
			children = (
				2F0F00F61FD5CEB400338399 /* README.md */,
				2F0F00D21FD5B78F00338399 /* ResearchNotifier */,
				2F0F00E71FD5B78F00338399 /* ResearchNotifierTests */,
				2F0F00D11FD5B78F00338399 /* Products */,
			);
			sourceTree = "<group>";
		};
		2F0F00D11FD5B78F00338399 /* Products */ = {
			isa = PBXGroup;
			children = (
				2F0F00D01FD5B78F00338399 /* ResearchNotifier.app */,
				2F0F00E41FD5B78F00338399 /* ResearchNotifierTests.xctest */,
			);
			name = Products;
			sourceTree = "<group>";
		};
		2F0F00D21FD5B78F00338399 /* ResearchNotifier */ = {
			isa = PBXGroup;
			children = (
				2F0F00F31FD5B7B700338399 /* ResearchNotifier.entitlements */,
				2F0F00D31FD5B78F00338399 /* AppDelegate.swift */,
				2F0F00D51FD5B78F00338399 /* ViewController.swift */,
				2F0F00D71FD5B78F00338399 /* Main.storyboard */,
				2F0F00DA1FD5B78F00338399 /* Assets.xcassets */,
				2F0F00DC1FD5B78F00338399 /* LaunchScreen.storyboard */,
				2F0F00DF1FD5B78F00338399 /* Info.plist */,
				2F0F00F41FD5C1B000338399 /* GlobalData.swift */,
			);
			path = ResearchNotifier;
			sourceTree = "<group>";
		};
		2F0F00E71FD5B78F00338399 /* ResearchNotifierTests */ = {
			isa = PBXGroup;
			children = (
				2F0F00E81FD5B78F00338399 /* ResearchNotifierTests.swift */,
				2F0F00EA1FD5B78F00338399 /* Info.plist */,
			);
			path = ResearchNotifierTests;
			sourceTree = "<group>";
		};
/* End PBXGroup section */

/* Begin PBXNativeTarget section */
		2F0F00CF1FD5B78F00338399 /* ResearchNotifier */ = {
			isa = PBXNativeTarget;
			buildConfigurationList = 2F0F00ED1FD5B78F00338399 /* Build configuration list for PBXNativeTarget "ResearchNotifier" */;
			buildPhases = (
				2F0F00CC1FD5B78F00338399 /* Sources */,
				2F0F00CD1FD5B78F00338399 /* Frameworks */,
				2F0F00CE1FD5B78F00338399 /* Resources */,
			);
			buildRules = (
			);
			dependencies = (
			);
			name = ResearchNotifier;
			productName = ResearchNotifier;
			productReference = 2F0F00D01FD5B78F00338399 /* ResearchNotifier.app */;
			productType = "com.apple.product-type.application";
		};
		2F0F00E31FD5B78F00338399 /* ResearchNotifierTests */ = {
			isa = PBXNativeTarget;
			buildConfigurationList = 2F0F00F01FD5B78F00338399 /* Build configuration list for PBXNativeTarget "ResearchNotifierTests" */;
			buildPhases = (
				2F0F00E01FD5B78F00338399 /* Sources */,
				2F0F00E11FD5B78F00338399 /* Frameworks */,
				2F0F00E21FD5B78F00338399 /* Resources */,
			);
			buildRules = (
			);
			dependencies = (
				2F0F00E61FD5B78F00338399 /* PBXTargetDependency */,
			);
			name = ResearchNotifierTests;
			productName = ResearchNotifierTests;
			productReference = 2F0F00E41FD5B78F00338399 /* ResearchNotifierTests.xctest */;
			productType = "com.apple.product-type.bundle.unit-test";
		};
/* End PBXNativeTarget section */

/* Begin PBXProject section */
		2F0F00C81FD5B78F00338399 /* Project object */ = {
			isa = PBXProject;
			attributes = {
				LastSwiftUpdateCheck = 0910;
				LastUpgradeCheck = 0910;
				ORGANIZATIONNAME = yage;
				TargetAttributes = {
					2F0F00CF1FD5B78F00338399 = {
						CreatedOnToolsVersion = 9.1;
						ProvisioningStyle = Automatic;
						SystemCapabilities = {
							com.apple.Push = {
								enabled = 1;
							};
						};
					};
					2F0F00E31FD5B78F00338399 = {
						CreatedOnToolsVersion = 9.1;
						ProvisioningStyle = Automatic;
						TestTargetID = 2F0F00CF1FD5B78F00338399;
					};
				};
			};
			buildConfigurationList = 2F0F00CB1FD5B78F00338399 /* Build configuration list for PBXProject "ResearchNotifier" */;
			compatibilityVersion = "Xcode 8.0";
			developmentRegion = en;
			hasScannedForEncodings = 0;
			knownRegions = (
				en,
				Base,
			);
			mainGroup = 2F0F00C71FD5B78F00338399;
			productRefGroup = 2F0F00D11FD5B78F00338399 /* Products */;
			projectDirPath = "";
			projectRoot = "";
			targets = (
				2F0F00CF1FD5B78F00338399 /* ResearchNotifier */,
				2F0F00E31FD5B78F00338399 /* ResearchNotifierTests */,
			);
		};
/* End PBXProject section */

/* Begin PBXResourcesBuildPhase section */
		2F0F00CE1FD5B78F00338399 /* Resources */ = {
			isa = PBXResourcesBuildPhase;
			buildActionMask = 2147483647;
			files = (
				2F0F00DE1FD5B78F00338399 /* LaunchScreen.storyboard in Resources */,
				2F0F00DB1FD5B78F00338399 /* Assets.xcassets in Resources */,
				2F0F00D91FD5B78F00338399 /* Main.storyboard in Resources */,
			);
			runOnlyForDeploymentPostprocessing = 0;
		};
		2F0F00E21FD5B78F00338399 /* Resources */ = {
			isa = PBXResourcesBuildPhase;
			buildActionMask = 2147483647;
			files = (
			);
			runOnlyForDeploymentPostprocessing = 0;
		};
/* End PBXResourcesBuildPhase section */

/* Begin PBXSourcesBuildPhase section */
		2F0F00CC1FD5B78F00338399 /* Sources */ = {
			isa = PBXSourcesBuildPhase;
			buildActionMask = 2147483647;
			files = (
				2F0F00F51FD5C1B000338399 /* GlobalData.swift in Sources */,
				2F0F00D61FD5B78F00338399 /* ViewController.swift in Sources */,
				2F0F00D41FD5B78F00338399 /* AppDelegate.swift in Sources */,
			);
			runOnlyForDeploymentPostprocessing = 0;
		};
		2F0F00E01FD5B78F00338399 /* Sources */ = {
			isa = PBXSourcesBuildPhase;
			buildActionMask = 2147483647;
			files = (
				2F0F00E91FD5B78F00338399 /* ResearchNotifierTests.swift in Sources */,
			);
			runOnlyForDeploymentPostprocessing = 0;
		};
/* End PBXSourcesBuildPhase section */

/* Begin PBXTargetDependency section */
		2F0F00E61FD5B78F00338399 /* PBXTargetDependency */ = {
			isa = PBXTargetDependency;
			target = 2F0F00CF1FD5B78F00338399 /* ResearchNotifier */;
			targetProxy = 2F0F00E51FD5B78F00338399 /* PBXContainerItemProxy */;
		};
/* End PBXTargetDependency section */

/* Begin PBXVariantGroup section */
		2F0F00D71FD5B78F00338399 /* Main.storyboard */ = {
			isa = PBXVariantGroup;
			children = (
				2F0F00D81FD5B78F00338399 /* Base */,
			);
			name = Main.storyboard;
			sourceTree = "<group>";
		};
		2F0F00DC1FD5B78F00338399 /* LaunchScreen.storyboard */ = {
			isa = PBXVariantGroup;
			children = (
				2F0F00DD1FD5B78F00338399 /* Base */,
			);
			name = LaunchScreen.storyboard;
			sourceTree = "<group>";
		};
/* End PBXVariantGroup section */

/* Begin XCBuildConfiguration section */
		2F0F00EB1FD5B78F00338399 /* Debug */ = {
			isa = XCBuildConfiguration;
			buildSettings = {
				ALWAYS_SEARCH_USER_PATHS = NO;
				CLANG_ANALYZER_NONNULL = YES;
				CLANG_ANALYZER_NUMBER_OBJECT_CONVERSION = YES_AGGRESSIVE;
				CLANG_CXX_LANGUAGE_STANDARD = "gnu++14";
				CLANG_CXX_LIBRARY = "libc++";
				CLANG_ENABLE_MODULES = YES;
				CLANG_ENABLE_OBJC_ARC = YES;
				CLANG_WARN_BLOCK_CAPTURE_AUTORELEASING = YES;
				CLANG_WARN_BOOL_CONVERSION = YES;
				CLANG_WARN_COMMA = YES;
				CLANG_WARN_CONSTANT_CONVERSION = YES;
				CLANG_WARN_DIRECT_OBJC_ISA_USAGE = YES_ERROR;
				CLANG_WARN_DOCUMENTATION_COMMENTS = YES;
				CLANG_WARN_EMPTY_BODY = YES;
				CLANG_WARN_ENUM_CONVERSION = YES;
				CLANG_WARN_INFINITE_RECURSION = YES;
				CLANG_WARN_INT_CONVERSION = YES;
				CLANG_WARN_NON_LITERAL_NULL_CONVERSION = YES;
				CLANG_WARN_OBJC_LITERAL_CONVERSION = YES;
				CLANG_WARN_OBJC_ROOT_CLASS = YES_ERROR;
				CLANG_WARN_RANGE_LOOP_ANALYSIS = YES;
				CLANG_WARN_STRICT_PROTOTYPES = YES;
				CLANG_WARN_SUSPICIOUS_MOVE = YES;
				CLANG_WARN_UNGUARDED_AVAILABILITY = YES_AGGRESSIVE;
				CLANG_WARN_UNREACHABLE_CODE = YES;
				CLANG_WARN__DUPLICATE_METHOD_MATCH = YES;
				CODE_SIGN_IDENTITY = "iPhone Developer";
				COPY_PHASE_STRIP = NO;
				DEBUG_INFORMATION_FORMAT = dwarf;
				ENABLE_STRICT_OBJC_MSGSEND = YES;
				ENABLE_TESTABILITY = YES;
				GCC_C_LANGUAGE_STANDARD = gnu11;
				GCC_DYNAMIC_NO_PIC = NO;
				GCC_NO_COMMON_BLOCKS = YES;
				GCC_OPTIMIZATION_LEVEL = 0;
				GCC_PREPROCESSOR_DEFINITIONS = (
					"DEBUG=1",
					"$(inherited)",
				);
				GCC_WARN_64_TO_32_BIT_CONVERSION = YES;
				GCC_WARN_ABOUT_RETURN_TYPE = YES_ERROR;
				GCC_WARN_UNDECLARED_SELECTOR = YES;
				GCC_WARN_UNINITIALIZED_AUTOS = YES_AGGRESSIVE;
				GCC_WARN_UNUSED_FUNCTION = YES;
				GCC_WARN_UNUSED_VARIABLE = YES;
				IPHONEOS_DEPLOYMENT_TARGET = 11.1;
				MTL_ENABLE_DEBUG_INFO = YES;
				ONLY_ACTIVE_ARCH = YES;
				SDKROOT = iphoneos;
				SWIFT_ACTIVE_COMPILATION_CONDITIONS = DEBUG;
				SWIFT_OPTIMIZATION_LEVEL = "-Onone";
			};
			name = Debug;
		};
		2F0F00EC1FD5B78F00338399 /* Release */ = {
			isa = XCBuildConfiguration;
			buildSettings = {
				ALWAYS_SEARCH_USER_PATHS = NO;
				CLANG_ANALYZER_NONNULL = YES;
				CLANG_ANALYZER_NUMBER_OBJECT_CONVERSION = YES_AGGRESSIVE;
				CLANG_CXX_LANGUAGE_STANDARD = "gnu++14";
				CLANG_CXX_LIBRARY = "libc++";
				CLANG_ENABLE_MODULES = YES;
				CLANG_ENABLE_OBJC_ARC = YES;
				CLANG_WARN_BLOCK_CAPTURE_AUTORELEASING = YES;
				CLANG_WARN_BOOL_CONVERSION = YES;
				CLANG_WARN_COMMA = YES;
				CLANG_WARN_CONSTANT_CONVERSION = YES;
				CLANG_WARN_DIRECT_OBJC_ISA_USAGE = YES_ERROR;
				CLANG_WARN_DOCUMENTATION_COMMENTS = YES;
				CLANG_WARN_EMPTY_BODY = YES;
				CLANG_WARN_ENUM_CONVERSION = YES;
				CLANG_WARN_INFINITE_RECURSION = YES;
				CLANG_WARN_INT_CONVERSION = YES;
				CLANG_WARN_NON_LITERAL_NULL_CONVERSION = YES;
				CLANG_WARN_OBJC_LITERAL_CONVERSION = YES;
				CLANG_WARN_OBJC_ROOT_CLASS = YES_ERROR;
				CLANG_WARN_RANGE_LOOP_ANALYSIS = YES;
				CLANG_WARN_STRICT_PROTOTYPES = YES;
				CLANG_WARN_SUSPICIOUS_MOVE = YES;
				CLANG_WARN_UNGUARDED_AVAILABILITY = YES_AGGRESSIVE;
				CLANG_WARN_UNREACHABLE_CODE = YES;
				CLANG_WARN__DUPLICATE_METHOD_MATCH = YES;
				CODE_SIGN_IDENTITY = "iPhone Developer";
				COPY_PHASE_STRIP = NO;
				DEBUG_INFORMATION_FORMAT = "dwarf-with-dsym";
				ENABLE_NS_ASSERTIONS = NO;
				ENABLE_STRICT_OBJC_MSGSEND = YES;
				GCC_C_LANGUAGE_STANDARD = gnu11;
				GCC_NO_COMMON_BLOCKS = YES;
				GCC_WARN_64_TO_32_BIT_CONVERSION = YES;
				GCC_WARN_ABOUT_RETURN_TYPE = YES_ERROR;
				GCC_WARN_UNDECLARED_SELECTOR = YES;
				GCC_WARN_UNINITIALIZED_AUTOS = YES_AGGRESSIVE;
				GCC_WARN_UNUSED_FUNCTION = YES;
				GCC_WARN_UNUSED_VARIABLE = YES;
				IPHONEOS_DEPLOYMENT_TARGET = 11.1;
				MTL_ENABLE_DEBUG_INFO = NO;
				SDKROOT = iphoneos;
				SWIFT_OPTIMIZATION_LEVEL = "-Owholemodule";
				VALIDATE_PRODUCT = YES;
			};
			name = Release;
		};
		2F0F00EE1FD5B78F00338399 /* Debug */ = {
			isa = XCBuildConfiguration;
			buildSettings = {
				ASSETCATALOG_COMPILER_APPICON_NAME = AppIcon;
				CODE_SIGN_ENTITLEMENTS = ResearchNotifier/ResearchNotifier.entitlements;
				CODE_SIGN_STYLE = Automatic;
				DEVELOPMENT_TEAM = GF2RJXH7ZA;
				INFOPLIST_FILE = ResearchNotifier/Info.plist;
				LD_RUNPATH_SEARCH_PATHS = "$(inherited) @executable_path/Frameworks";
				PRODUCT_BUNDLE_IDENTIFIER = com.yage.ResearchNotifier;
				PRODUCT_NAME = "$(TARGET_NAME)";
				SWIFT_VERSION = 4.0;
				TARGETED_DEVICE_FAMILY = "1,2";
			};
			name = Debug;
		};
		2F0F00EF1FD5B78F00338399 /* Release */ = {
			isa = XCBuildConfiguration;
			buildSettings = {
				ASSETCATALOG_COMPILER_APPICON_NAME = AppIcon;
				CODE_SIGN_ENTITLEMENTS = ResearchNotifier/ResearchNotifier.entitlements;
				CODE_SIGN_STYLE = Automatic;
				DEVELOPMENT_TEAM = GF2RJXH7ZA;
				INFOPLIST_FILE = ResearchNotifier/Info.plist;
				LD_RUNPATH_SEARCH_PATHS = "$(inherited) @executable_path/Frameworks";
				PRODUCT_BUNDLE_IDENTIFIER = com.yage.ResearchNotifier;
				PRODUCT_NAME = "$(TARGET_NAME)";
				SWIFT_VERSION = 4.0;
				TARGETED_DEVICE_FAMILY = "1,2";
			};
			name = Release;
		};
		2F0F00F11FD5B78F00338399 /* Debug */ = {
			isa = XCBuildConfiguration;
			buildSettings = {
				ALWAYS_EMBED_SWIFT_STANDARD_LIBRARIES = YES;
				BUNDLE_LOADER = "$(TEST_HOST)";
				CODE_SIGN_STYLE = Automatic;
				DEVELOPMENT_TEAM = GF2RJXH7ZA;
				INFOPLIST_FILE = ResearchNotifierTests/Info.plist;
				LD_RUNPATH_SEARCH_PATHS = "$(inherited) @executable_path/Frameworks @loader_path/Frameworks";
				PRODUCT_BUNDLE_IDENTIFIER = com.yage.ResearchNotifierTests;
				PRODUCT_NAME = "$(TARGET_NAME)";
				SWIFT_VERSION = 4.0;
				TARGETED_DEVICE_FAMILY = "1,2";
				TEST_HOST = "$(BUILT_PRODUCTS_DIR)/ResearchNotifier.app/ResearchNotifier";
			};
			name = Debug;
		};
		2F0F00F21FD5B78F00338399 /* Release */ = {
			isa = XCBuildConfiguration;
			buildSettings = {
				ALWAYS_EMBED_SWIFT_STANDARD_LIBRARIES = YES;
				BUNDLE_LOADER = "$(TEST_HOST)";
				CODE_SIGN_STYLE = Automatic;
				DEVELOPMENT_TEAM = GF2RJXH7ZA;
				INFOPLIST_FILE = ResearchNotifierTests/Info.plist;
				LD_RUNPATH_SEARCH_PATHS = "$(inherited) @executable_path/Frameworks @loader_path/Frameworks";
				PRODUCT_BUNDLE_IDENTIFIER = com.yage.ResearchNotifierTests;
				PRODUCT_NAME = "$(TARGET_NAME)";
				SWIFT_VERSION = 4.0;
				TARGETED_DEVICE_FAMILY = "1,2";
				TEST_HOST = "$(BUILT_PRODUCTS_DIR)/ResearchNotifier.app/ResearchNotifier";
			};
			name = Release;
		};
/* End XCBuildConfiguration section */

/* Begin XCConfigurationList section */
		2F0F00CB1FD5B78F00338399 /* Build configuration list for PBXProject "ResearchNotifier" */ = {
			isa = XCConfigurationList;
			buildConfigurations = (
				2F0F00EB1FD5B78F00338399 /* Debug */,
				2F0F00EC1FD5B78F00338399 /* Release */,
			);
			defaultConfigurationIsVisible = 0;
			defaultConfigurationName = Release;
		};
		2F0F00ED1FD5B78F00338399 /* Build configuration list for PBXNativeTarget "ResearchNotifier" */ = {
			isa = XCConfigurationList;
			buildConfigurations = (
				2F0F00EE1FD5B78F00338399 /* Debug */,
				2F0F00EF1FD5B78F00338399 /* Release */,
			);
			defaultConfigurationIsVisible = 0;
			defaultConfigurationName = Release;
		};
		2F0F00F01FD5B78F00338399 /* Build configuration list for PBXNativeTarget "ResearchNotifierTests" */ = {
			isa = XCConfigurationList;
			buildConfigurations = (
				2F0F00F11FD5B78F00338399 /* Debug */,
				2F0F00F21FD5B78F00338399 /* Release */,
			);
			defaultConfigurationIsVisible = 0;
			defaultConfigurationName = Release;
		};
/* End XCConfigurationList section */
	};
	rootObject = 2F0F00C81FD5B78F00338399 /* Project object */;
}
